// !$*UTF8*$!
{
	archiveVersion = 1;
	classes = {
	};
	objectVersion = 55;
	objects = {

/* Begin PBXBuildFile section */
		0173DE475FF99EDE359802F4 /* libPods-ParstagramTests.a in Frameworks */ = {isa = PBXBuildFile; fileRef = 76A8EFE143B11C5D92994DC6 /* libPods-ParstagramTests.a */; };
		142CCC7B40E9E8042B0220E6 /* Pods_Parstagram.framework in Frameworks */ = {isa = PBXBuildFile; fileRef = EAE397E3CE465F91589D8AEF /* Pods_Parstagram.framework */; };
		3A52150227EEC08E0086F17A /* AppDelegate.swift in Sources */ = {isa = PBXBuildFile; fileRef = 3A52150127EEC08E0086F17A /* AppDelegate.swift */; };
		3A52150427EEC08E0086F17A /* SceneDelegate.swift in Sources */ = {isa = PBXBuildFile; fileRef = 3A52150327EEC08E0086F17A /* SceneDelegate.swift */; };
		3A52150927EEC08E0086F17A /* Main.storyboard in Resources */ = {isa = PBXBuildFile; fileRef = 3A52150727EEC08E0086F17A /* Main.storyboard */; };
		3A52150B27EEC0910086F17A /* Assets.xcassets in Resources */ = {isa = PBXBuildFile; fileRef = 3A52150A27EEC0910086F17A /* Assets.xcassets */; };
		3A52150E27EEC0910086F17A /* LaunchScreen.storyboard in Resources */ = {isa = PBXBuildFile; fileRef = 3A52150C27EEC0910086F17A /* LaunchScreen.storyboard */; };
		3A52151927EEC0910086F17A /* ParstagramTests.swift in Sources */ = {isa = PBXBuildFile; fileRef = 3A52151827EEC0910086F17A /* ParstagramTests.swift */; };
		3A52152327EEC0910086F17A /* ParstagramUITests.swift in Sources */ = {isa = PBXBuildFile; fileRef = 3A52152227EEC0910086F17A /* ParstagramUITests.swift */; };
		3A52152527EEC0910086F17A /* ParstagramUITestsLaunchTests.swift in Sources */ = {isa = PBXBuildFile; fileRef = 3A52152427EEC0910086F17A /* ParstagramUITestsLaunchTests.swift */; };
		3A633D7F27EECA6F0062B088 /* LoginViewController.swift in Sources */ = {isa = PBXBuildFile; fileRef = 3A633D7E27EECA6F0062B088 /* LoginViewController.swift */; };
		3A633D8127EECA790062B088 /* FeedViewController.swift in Sources */ = {isa = PBXBuildFile; fileRef = 3A633D8027EECA790062B088 /* FeedViewController.swift */; };
		3A633D8327EF8F170062B088 /* CameraViewController.swift in Sources */ = {isa = PBXBuildFile; fileRef = 3A633D8227EF8F170062B088 /* CameraViewController.swift */; };
		3A633D8527F13A0F0062B088 /* PostCell.swift in Sources */ = {isa = PBXBuildFile; fileRef = 3A633D8427F13A0F0062B088 /* PostCell.swift */; };
		3A633DB127F800CF0062B088 /* CommentCell.swift in Sources */ = {isa = PBXBuildFile; fileRef = 3A633DB027F800CF0062B088 /* CommentCell.swift */; };
		7585FB0F7C789FA0EBB2DC3A /* libPods-ParstagramUITests.a in Frameworks */ = {isa = PBXBuildFile; fileRef = EB454B45A85F627C28457FF4 /* libPods-ParstagramUITests.a */; };
/* End PBXBuildFile section */

/* Begin PBXContainerItemProxy section */
		3A52151527EEC0910086F17A /* PBXContainerItemProxy */ = {
			isa = PBXContainerItemProxy;
			containerPortal = 3A5214F627EEC08E0086F17A /* Project object */;
			proxyType = 1;
			remoteGlobalIDString = 3A5214FD27EEC08E0086F17A;
			remoteInfo = Parstagram;
		};
		3A52151F27EEC0910086F17A /* PBXContainerItemProxy */ = {
			isa = PBXContainerItemProxy;
			containerPortal = 3A5214F627EEC08E0086F17A /* Project object */;
			proxyType = 1;
			remoteGlobalIDString = 3A5214FD27EEC08E0086F17A;
			remoteInfo = Parstagram;
		};
/* End PBXContainerItemProxy section */

/* Begin PBXFileReference section */
		3A5214FE27EEC08E0086F17A /* Parstagram.app */ = {isa = PBXFileReference; explicitFileType = wrapper.application; includeInIndex = 0; path = Parstagram.app; sourceTree = BUILT_PRODUCTS_DIR; };
		3A52150127EEC08E0086F17A /* AppDelegate.swift */ = {isa = PBXFileReference; lastKnownFileType = sourcecode.swift; path = AppDelegate.swift; sourceTree = "<group>"; };
		3A52150327EEC08E0086F17A /* SceneDelegate.swift */ = {isa = PBXFileReference; lastKnownFileType = sourcecode.swift; path = SceneDelegate.swift; sourceTree = "<group>"; };
		3A52150827EEC08E0086F17A /* Base */ = {isa = PBXFileReference; lastKnownFileType = file.storyboard; name = Base; path = Base.lproj/Main.storyboard; sourceTree = "<group>"; };
		3A52150A27EEC0910086F17A /* Assets.xcassets */ = {isa = PBXFileReference; lastKnownFileType = folder.assetcatalog; path = Assets.xcassets; sourceTree = "<group>"; };
		3A52150D27EEC0910086F17A /* Base */ = {isa = PBXFileReference; lastKnownFileType = file.storyboard; name = Base; path = Base.lproj/LaunchScreen.storyboard; sourceTree = "<group>"; };
		3A52150F27EEC0910086F17A /* Info.plist */ = {isa = PBXFileReference; lastKnownFileType = text.plist.xml; path = Info.plist; sourceTree = "<group>"; };
		3A52151427EEC0910086F17A /* ParstagramTests.xctest */ = {isa = PBXFileReference; explicitFileType = wrapper.cfbundle; includeInIndex = 0; path = ParstagramTests.xctest; sourceTree = BUILT_PRODUCTS_DIR; };
		3A52151827EEC0910086F17A /* ParstagramTests.swift */ = {isa = PBXFileReference; lastKnownFileType = sourcecode.swift; path = ParstagramTests.swift; sourceTree = "<group>"; };
		3A52151E27EEC0910086F17A /* ParstagramUITests.xctest */ = {isa = PBXFileReference; explicitFileType = wrapper.cfbundle; includeInIndex = 0; path = ParstagramUITests.xctest; sourceTree = BUILT_PRODUCTS_DIR; };
		3A52152227EEC0910086F17A /* ParstagramUITests.swift */ = {isa = PBXFileReference; lastKnownFileType = sourcecode.swift; path = ParstagramUITests.swift; sourceTree = "<group>"; };
		3A52152427EEC0910086F17A /* ParstagramUITestsLaunchTests.swift */ = {isa = PBXFileReference; lastKnownFileType = sourcecode.swift; path = ParstagramUITestsLaunchTests.swift; sourceTree = "<group>"; };
		3A633D7E27EECA6F0062B088 /* LoginViewController.swift */ = {isa = PBXFileReference; lastKnownFileType = sourcecode.swift; path = LoginViewController.swift; sourceTree = "<group>"; };
		3A633D8027EECA790062B088 /* FeedViewController.swift */ = {isa = PBXFileReference; lastKnownFileType = sourcecode.swift; path = FeedViewController.swift; sourceTree = "<group>"; };
		3A633D8227EF8F170062B088 /* CameraViewController.swift */ = {isa = PBXFileReference; lastKnownFileType = sourcecode.swift; path = CameraViewController.swift; sourceTree = "<group>"; };
		3A633D8427F13A0F0062B088 /* PostCell.swift */ = {isa = PBXFileReference; lastKnownFileType = sourcecode.swift; path = PostCell.swift; sourceTree = "<group>"; };
		3A633DB027F800CF0062B088 /* CommentCell.swift */ = {isa = PBXFileReference; lastKnownFileType = sourcecode.swift; path = CommentCell.swift; sourceTree = "<group>"; };
		3CB331965355D706982A1F60 /* Pods-ParstagramUITests.release.xcconfig */ = {isa = PBXFileReference; includeInIndex = 1; lastKnownFileType = text.xcconfig; name = "Pods-ParstagramUITests.release.xcconfig"; path = "Target Support Files/Pods-ParstagramUITests/Pods-ParstagramUITests.release.xcconfig"; sourceTree = "<group>"; };
		3E820FAA318AF34ADA3680F0 /* Pods-Parstagram-ParstagramUITests.release.xcconfig */ = {isa = PBXFileReference; includeInIndex = 1; lastKnownFileType = text.xcconfig; name = "Pods-Parstagram-ParstagramUITests.release.xcconfig"; path = "Target Support Files/Pods-Parstagram-ParstagramUITests/Pods-Parstagram-ParstagramUITests.release.xcconfig"; sourceTree = "<group>"; };
		4A1A18A618EAD86B76DED466 /* Pods-ParstagramTests.debug.xcconfig */ = {isa = PBXFileReference; includeInIndex = 1; lastKnownFileType = text.xcconfig; name = "Pods-ParstagramTests.debug.xcconfig"; path = "Target Support Files/Pods-ParstagramTests/Pods-ParstagramTests.debug.xcconfig"; sourceTree = "<group>"; };
		76A8EFE143B11C5D92994DC6 /* libPods-ParstagramTests.a */ = {isa = PBXFileReference; explicitFileType = archive.ar; includeInIndex = 0; path = "libPods-ParstagramTests.a"; sourceTree = BUILT_PRODUCTS_DIR; };
		8164BEB5D0387389A326A6FD /* Pods-ParstagramTests.release.xcconfig */ = {isa = PBXFileReference; includeInIndex = 1; lastKnownFileType = text.xcconfig; name = "Pods-ParstagramTests.release.xcconfig"; path = "Target Support Files/Pods-ParstagramTests/Pods-ParstagramTests.release.xcconfig"; sourceTree = "<group>"; };
		9174E6E35286B773A4D79842 /* Pods-Parstagram.debug.xcconfig */ = {isa = PBXFileReference; includeInIndex = 1; lastKnownFileType = text.xcconfig; name = "Pods-Parstagram.debug.xcconfig"; path = "Target Support Files/Pods-Parstagram/Pods-Parstagram.debug.xcconfig"; sourceTree = "<group>"; };
		A3369D3F046DC7F19BFEA44C /* Pods-Parstagram-ParstagramUITests.debug.xcconfig */ = {isa = PBXFileReference; includeInIndex = 1; lastKnownFileType = text.xcconfig; name = "Pods-Parstagram-ParstagramUITests.debug.xcconfig"; path = "Target Support Files/Pods-Parstagram-ParstagramUITests/Pods-Parstagram-ParstagramUITests.debug.xcconfig"; sourceTree = "<group>"; };
		C9B03FEFDD29EDBACB0BCB8B /* Pods-Parstagram.release.xcconfig */ = {isa = PBXFileReference; includeInIndex = 1; lastKnownFileType = text.xcconfig; name = "Pods-Parstagram.release.xcconfig"; path = "Target Support Files/Pods-Parstagram/Pods-Parstagram.release.xcconfig"; sourceTree = "<group>"; };
		EAE397E3CE465F91589D8AEF /* Pods_Parstagram.framework */ = {isa = PBXFileReference; explicitFileType = wrapper.framework; includeInIndex = 0; path = Pods_Parstagram.framework; sourceTree = BUILT_PRODUCTS_DIR; };
		EB454B45A85F627C28457FF4 /* libPods-ParstagramUITests.a */ = {isa = PBXFileReference; explicitFileType = archive.ar; includeInIndex = 0; path = "libPods-ParstagramUITests.a"; sourceTree = BUILT_PRODUCTS_DIR; };
		F934F5870812F203D46A7744 /* Pods-ParstagramUITests.debug.xcconfig */ = {isa = PBXFileReference; includeInIndex = 1; lastKnownFileType = text.xcconfig; name = "Pods-ParstagramUITests.debug.xcconfig"; path = "Target Support Files/Pods-ParstagramUITests/Pods-ParstagramUITests.debug.xcconfig"; sourceTree = "<group>"; };
/* End PBXFileReference section */

/* Begin PBXFrameworksBuildPhase section */
		3A5214FB27EEC08E0086F17A /* Frameworks */ = {
			isa = PBXFrameworksBuildPhase;
			buildActionMask = 2147483647;
			files = (
				142CCC7B40E9E8042B0220E6 /* Pods_Parstagram.framework in Frameworks */,
			);
			runOnlyForDeploymentPostprocessing = 0;
		};
		3A52151127EEC0910086F17A /* Frameworks */ = {
			isa = PBXFrameworksBuildPhase;
			buildActionMask = 2147483647;
			files = (
				0173DE475FF99EDE359802F4 /* libPods-ParstagramTests.a in Frameworks */,
			);
			runOnlyForDeploymentPostprocessing = 0;
		};
		3A52151B27EEC0910086F17A /* Frameworks */ = {
			isa = PBXFrameworksBuildPhase;
			buildActionMask = 2147483647;
			files = (
				7585FB0F7C789FA0EBB2DC3A /* libPods-ParstagramUITests.a in Frameworks */,
			);
			runOnlyForDeploymentPostprocessing = 0;
		};
/* End PBXFrameworksBuildPhase section */

/* Begin PBXGroup section */
		39FB10E03A435EDC1C42A924 /* Pods */ = {
			isa = PBXGroup;
			children = (
				9174E6E35286B773A4D79842 /* Pods-Parstagram.debug.xcconfig */,
				C9B03FEFDD29EDBACB0BCB8B /* Pods-Parstagram.release.xcconfig */,
				A3369D3F046DC7F19BFEA44C /* Pods-Parstagram-ParstagramUITests.debug.xcconfig */,
				3E820FAA318AF34ADA3680F0 /* Pods-Parstagram-ParstagramUITests.release.xcconfig */,
				4A1A18A618EAD86B76DED466 /* Pods-ParstagramTests.debug.xcconfig */,
				8164BEB5D0387389A326A6FD /* Pods-ParstagramTests.release.xcconfig */,
				F934F5870812F203D46A7744 /* Pods-ParstagramUITests.debug.xcconfig */,
				3CB331965355D706982A1F60 /* Pods-ParstagramUITests.release.xcconfig */,
			);
			path = Pods;
			sourceTree = "<group>";
		};
		3A5214F527EEC08E0086F17A = {
			isa = PBXGroup;
			children = (
				3A52150027EEC08E0086F17A /* Parstagram */,
				3A52151727EEC0910086F17A /* ParstagramTests */,
				3A52152127EEC0910086F17A /* ParstagramUITests */,
				3A5214FF27EEC08E0086F17A /* Products */,
				39FB10E03A435EDC1C42A924 /* Pods */,
				E1641FA92E88184B33430DB3 /* Frameworks */,
			);
			sourceTree = "<group>";
		};
		3A5214FF27EEC08E0086F17A /* Products */ = {
			isa = PBXGroup;
			children = (
				3A5214FE27EEC08E0086F17A /* Parstagram.app */,
				3A52151427EEC0910086F17A /* ParstagramTests.xctest */,
				3A52151E27EEC0910086F17A /* ParstagramUITests.xctest */,
			);
			name = Products;
			sourceTree = "<group>";
		};
		3A52150027EEC08E0086F17A /* Parstagram */ = {
			isa = PBXGroup;
			children = (
				3A52150127EEC08E0086F17A /* AppDelegate.swift */,
				3A52150327EEC08E0086F17A /* SceneDelegate.swift */,
				3A52150727EEC08E0086F17A /* Main.storyboard */,
				3A52150A27EEC0910086F17A /* Assets.xcassets */,
				3A52150C27EEC0910086F17A /* LaunchScreen.storyboard */,
				3A52150F27EEC0910086F17A /* Info.plist */,
				3A633D7E27EECA6F0062B088 /* LoginViewController.swift */,
				3A633D8027EECA790062B088 /* FeedViewController.swift */,
				3A633D8227EF8F170062B088 /* CameraViewController.swift */,
				3A633D8427F13A0F0062B088 /* PostCell.swift */,
				3A633DB027F800CF0062B088 /* CommentCell.swift */,
			);
			path = Parstagram;
			sourceTree = "<group>";
		};
		3A52151727EEC0910086F17A /* ParstagramTests */ = {
			isa = PBXGroup;
			children = (
				3A52151827EEC0910086F17A /* ParstagramTests.swift */,
			);
			path = ParstagramTests;
			sourceTree = "<group>";
		};
		3A52152127EEC0910086F17A /* ParstagramUITests */ = {
			isa = PBXGroup;
			children = (
				3A52152227EEC0910086F17A /* ParstagramUITests.swift */,
				3A52152427EEC0910086F17A /* ParstagramUITestsLaunchTests.swift */,
			);
			path = ParstagramUITests;
			sourceTree = "<group>";
		};
		E1641FA92E88184B33430DB3 /* Frameworks */ = {
			isa = PBXGroup;
			children = (
				EAE397E3CE465F91589D8AEF /* Pods_Parstagram.framework */,
				76A8EFE143B11C5D92994DC6 /* libPods-ParstagramTests.a */,
				EB454B45A85F627C28457FF4 /* libPods-ParstagramUITests.a */,
			);
			name = Frameworks;
			sourceTree = "<group>";
		};
/* End PBXGroup section */

/* Begin PBXNativeTarget section */
		3A5214FD27EEC08E0086F17A /* Parstagram */ = {
			isa = PBXNativeTarget;
			buildConfigurationList = 3A52152827EEC0910086F17A /* Build configuration list for PBXNativeTarget "Parstagram" */;
			buildPhases = (
				BFC61791F2AD5417F3D6447A /* [CP] Check Pods Manifest.lock */,
				3A5214FA27EEC08E0086F17A /* Sources */,
				3A5214FB27EEC08E0086F17A /* Frameworks */,
				3A5214FC27EEC08E0086F17A /* Resources */,
				4736EA6D391481DF9E223E70 /* [CP] Embed Pods Frameworks */,
			);
			buildRules = (
			);
			dependencies = (
			);
			name = Parstagram;
			productName = Parstagram;
			productReference = 3A5214FE27EEC08E0086F17A /* Parstagram.app */;
			productType = "com.apple.product-type.application";
		};
		3A52151327EEC0910086F17A /* ParstagramTests */ = {
			isa = PBXNativeTarget;
			buildConfigurationList = 3A52152B27EEC0910086F17A /* Build configuration list for PBXNativeTarget "ParstagramTests" */;
			buildPhases = (
				2D6E61BA7B2A22F225026537 /* [CP] Check Pods Manifest.lock */,
				3A52151027EEC0910086F17A /* Sources */,
				3A52151127EEC0910086F17A /* Frameworks */,
				3A52151227EEC0910086F17A /* Resources */,
			);
			buildRules = (
			);
			dependencies = (
				3A52151627EEC0910086F17A /* PBXTargetDependency */,
			);
			name = ParstagramTests;
			productName = ParstagramTests;
			productReference = 3A52151427EEC0910086F17A /* ParstagramTests.xctest */;
			productType = "com.apple.product-type.bundle.unit-test";
		};
		3A52151D27EEC0910086F17A /* ParstagramUITests */ = {
			isa = PBXNativeTarget;
			buildConfigurationList = 3A52152E27EEC0910086F17A /* Build configuration list for PBXNativeTarget "ParstagramUITests" */;
			buildPhases = (
				7DEFCFC703042DB2FF434FC8 /* [CP] Check Pods Manifest.lock */,
				3A52151A27EEC0910086F17A /* Sources */,
				3A52151B27EEC0910086F17A /* Frameworks */,
				3A52151C27EEC0910086F17A /* Resources */,
			);
			buildRules = (
			);
			dependencies = (
				3A52152027EEC0910086F17A /* PBXTargetDependency */,
			);
			name = ParstagramUITests;
			productName = ParstagramUITests;
			productReference = 3A52151E27EEC0910086F17A /* ParstagramUITests.xctest */;
			productType = "com.apple.product-type.bundle.ui-testing";
		};
/* End PBXNativeTarget section */

/* Begin PBXProject section */
		3A5214F627EEC08E0086F17A /* Project object */ = {
			isa = PBXProject;
			attributes = {
				BuildIndependentTargetsInParallel = 1;
				LastSwiftUpdateCheck = 1320;
				LastUpgradeCheck = 1320;
				TargetAttributes = {
					3A5214FD27EEC08E0086F17A = {
						CreatedOnToolsVersion = 13.2.1;
					};
					3A52151327EEC0910086F17A = {
						CreatedOnToolsVersion = 13.2.1;
						TestTargetID = 3A5214FD27EEC08E0086F17A;
					};
					3A52151D27EEC0910086F17A = {
						CreatedOnToolsVersion = 13.2.1;
						TestTargetID = 3A5214FD27EEC08E0086F17A;
					};
				};
			};
			buildConfigurationList = 3A5214F927EEC08E0086F17A /* Build configuration list for PBXProject "Parstagram" */;
			compatibilityVersion = "Xcode 13.0";
			developmentRegion = en;
			hasScannedForEncodings = 0;
			knownRegions = (
				en,
				Base,
			);
			mainGroup = 3A5214F527EEC08E0086F17A;
			productRefGroup = 3A5214FF27EEC08E0086F17A /* Products */;
			projectDirPath = "";
			projectRoot = "";
			targets = (
				3A5214FD27EEC08E0086F17A /* Parstagram */,
				3A52151327EEC0910086F17A /* ParstagramTests */,
				3A52151D27EEC0910086F17A /* ParstagramUITests */,
			);
		};
/* End PBXProject section */

/* Begin PBXResourcesBuildPhase section */
		3A5214FC27EEC08E0086F17A /* Resources */ = {
			isa = PBXResourcesBuildPhase;
			buildActionMask = 2147483647;
			files = (
				3A52150E27EEC0910086F17A /* LaunchScreen.storyboard in Resources */,
				3A52150B27EEC0910086F17A /* Assets.xcassets in Resources */,
				3A52150927EEC08E0086F17A /* Main.storyboard in Resources */,
			);
			runOnlyForDeploymentPostprocessing = 0;
		};
		3A52151227EEC0910086F17A /* Resources */ = {
			isa = PBXResourcesBuildPhase;
			buildActionMask = 2147483647;
			files = (
			);
			runOnlyForDeploymentPostprocessing = 0;
		};
		3A52151C27EEC0910086F17A /* Resources */ = {
			isa = PBXResourcesBuildPhase;
			buildActionMask = 2147483647;
			files = (
			);
			runOnlyForDeploymentPostprocessing = 0;
		};
/* End PBXResourcesBuildPhase section */

/* Begin PBXShellScriptBuildPhase section */
		2D6E61BA7B2A22F225026537 /* [CP] Check Pods Manifest.lock */ = {
			isa = PBXShellScriptBuildPhase;
			buildActionMask = 2147483647;
			files = (
			);
			inputFileListPaths = (
			);
			inputPaths = (
				"${PODS_PODFILE_DIR_PATH}/Podfile.lock",
				"${PODS_ROOT}/Manifest.lock",
			);
			name = "[CP] Check Pods Manifest.lock";
			outputFileListPaths = (
			);
			outputPaths = (
				"$(DERIVED_FILE_DIR)/Pods-ParstagramTests-checkManifestLockResult.txt",
			);
			runOnlyForDeploymentPostprocessing = 0;
			shellPath = /bin/sh;
			shellScript = "diff \"${PODS_PODFILE_DIR_PATH}/Podfile.lock\" \"${PODS_ROOT}/Manifest.lock\" > /dev/null\nif [ $? != 0 ] ; then\n    # print error to STDERR\n    echo \"error: The sandbox is not in sync with the Podfile.lock. Run 'pod install' or update your CocoaPods installation.\" >&2\n    exit 1\nfi\n# This output is used by Xcode 'outputs' to avoid re-running this script phase.\necho \"SUCCESS\" > \"${SCRIPT_OUTPUT_FILE_0}\"\n";
			showEnvVarsInLog = 0;
		};
		4736EA6D391481DF9E223E70 /* [CP] Embed Pods Frameworks */ = {
			isa = PBXShellScriptBuildPhase;
			buildActionMask = 2147483647;
			files = (
			);
			inputFileListPaths = (
				"${PODS_ROOT}/Target Support Files/Pods-Parstagram/Pods-Parstagram-frameworks-${CONFIGURATION}-input-files.xcfilelist",
			);
			name = "[CP] Embed Pods Frameworks";
			outputFileListPaths = (
				"${PODS_ROOT}/Target Support Files/Pods-Parstagram/Pods-Parstagram-frameworks-${CONFIGURATION}-output-files.xcfilelist",
			);
			runOnlyForDeploymentPostprocessing = 0;
			shellPath = /bin/sh;
			shellScript = "\"${PODS_ROOT}/Target Support Files/Pods-Parstagram/Pods-Parstagram-frameworks.sh\"\n";
			showEnvVarsInLog = 0;
		};
		7DEFCFC703042DB2FF434FC8 /* [CP] Check Pods Manifest.lock */ = {
			isa = PBXShellScriptBuildPhase;
			buildActionMask = 2147483647;
			files = (
			);
			inputFileListPaths = (
			);
			inputPaths = (
				"${PODS_PODFILE_DIR_PATH}/Podfile.lock",
				"${PODS_ROOT}/Manifest.lock",
			);
			name = "[CP] Check Pods Manifest.lock";
			outputFileListPaths = (
			);
			outputPaths = (
				"$(DERIVED_FILE_DIR)/Pods-ParstagramUITests-checkManifestLockResult.txt",
			);
			runOnlyForDeploymentPostprocessing = 0;
			shellPath = /bin/sh;
			shellScript = "diff \"${PODS_PODFILE_DIR_PATH}/Podfile.lock\" \"${PODS_ROOT}/Manifest.lock\" > /dev/null\nif [ $? != 0 ] ; then\n    # print error to STDERR\n    echo \"error: The sandbox is not in sync with the Podfile.lock. Run 'pod install' or update your CocoaPods installation.\" >&2\n    exit 1\nfi\n# This output is used by Xcode 'outputs' to avoid re-running this script phase.\necho \"SUCCESS\" > \"${SCRIPT_OUTPUT_FILE_0}\"\n";
			showEnvVarsInLog = 0;
		};
		BFC61791F2AD5417F3D6447A /* [CP] Check Pods Manifest.lock */ = {
			isa = PBXShellScriptBuildPhase;
			buildActionMask = 2147483647;
			files = (
			);
			inputFileListPaths = (
			);
			inputPaths = (
				"${PODS_PODFILE_DIR_PATH}/Podfile.lock",
				"${PODS_ROOT}/Manifest.lock",
			);
			name = "[CP] Check Pods Manifest.lock";
			outputFileListPaths = (
			);
			outputPaths = (
				"$(DERIVED_FILE_DIR)/Pods-Parstagram-checkManifestLockResult.txt",
			);
			runOnlyForDeploymentPostprocessing = 0;
			shellPath = /bin/sh;
			shellScript = "diff \"${PODS_PODFILE_DIR_PATH}/Podfile.lock\" \"${PODS_ROOT}/Manifest.lock\" > /dev/null\nif [ $? != 0 ] ; then\n    # print error to STDERR\n    echo \"error: The sandbox is not in sync with the Podfile.lock. Run 'pod install' or update your CocoaPods installation.\" >&2\n    exit 1\nfi\n# This output is used by Xcode 'outputs' to avoid re-running this script phase.\necho \"SUCCESS\" > \"${SCRIPT_OUTPUT_FILE_0}\"\n";
			showEnvVarsInLog = 0;
		};
/* End PBXShellScriptBuildPhase section */

/* Begin PBXSourcesBuildPhase section */
		3A5214FA27EEC08E0086F17A /* Sources */ = {
			isa = PBXSourcesBuildPhase;
			buildActionMask = 2147483647;
			files = (
				3A633D7F27EECA6F0062B088 /* LoginViewController.swift in Sources */,
				3A633D8327EF8F170062B088 /* CameraViewController.swift in Sources */,
				3A52150227EEC08E0086F17A /* AppDelegate.swift in Sources */,
				3A633D8127EECA790062B088 /* FeedViewController.swift in Sources */,
				3A52150427EEC08E0086F17A /* SceneDelegate.swift in Sources */,
				3A633D8527F13A0F0062B088 /* PostCell.swift in Sources */,
				3A633DB127F800CF0062B088 /* CommentCell.swift in Sources */,
			);
			runOnlyForDeploymentPostprocessing = 0;
		};
		3A52151027EEC0910086F17A /* Sources */ = {
			isa = PBXSourcesBuildPhase;
			buildActionMask = 2147483647;
			files = (
				3A52151927EEC0910086F17A /* ParstagramTests.swift in Sources */,
			);
			runOnlyForDeploymentPostprocessing = 0;
		};
		3A52151A27EEC0910086F17A /* Sources */ = {
			isa = PBXSourcesBuildPhase;
			buildActionMask = 2147483647;
			files = (
				3A52152527EEC0910086F17A /* ParstagramUITestsLaunchTests.swift in Sources */,
				3A52152327EEC0910086F17A /* ParstagramUITests.swift in Sources */,
			);
			runOnlyForDeploymentPostprocessing = 0;
		};
/* End PBXSourcesBuildPhase section */

/* Begin PBXTargetDependency section */
		3A52151627EEC0910086F17A /* PBXTargetDependency */ = {
			isa = PBXTargetDependency;
			target = 3A5214FD27EEC08E0086F17A /* Parstagram */;
			targetProxy = 3A52151527EEC0910086F17A /* PBXContainerItemProxy */;
		};
		3A52152027EEC0910086F17A /* PBXTargetDependency */ = {
			isa = PBXTargetDependency;
			target = 3A5214FD27EEC08E0086F17A /* Parstagram */;
			targetProxy = 3A52151F27EEC0910086F17A /* PBXContainerItemProxy */;
		};
/* End PBXTargetDependency section */

/* Begin PBXVariantGroup section */
		3A52150727EEC08E0086F17A /* Main.storyboard */ = {
			isa = PBXVariantGroup;
			children = (
				3A52150827EEC08E0086F17A /* Base */,
			);
			name = Main.storyboard;
			sourceTree = "<group>";
		};
		3A52150C27EEC0910086F17A /* LaunchScreen.storyboard */ = {
			isa = PBXVariantGroup;
			children = (
				3A52150D27EEC0910086F17A /* Base */,
			);
			name = LaunchScreen.storyboard;
			sourceTree = "<group>";
		};
/* End PBXVariantGroup section */

/* Begin XCBuildConfiguration section */
		3A52152627EEC0910086F17A /* Debug */ = {
			isa = XCBuildConfiguration;
			buildSettings = {
				ALWAYS_SEARCH_USER_PATHS = NO;
				CLANG_ANALYZER_NONNULL = YES;
				CLANG_ANALYZER_NUMBER_OBJECT_CONVERSION = YES_AGGRESSIVE;
				CLANG_CXX_LANGUAGE_STANDARD = "gnu++17";
				CLANG_CXX_LIBRARY = "libc++";
				CLANG_ENABLE_MODULES = YES;
				CLANG_ENABLE_OBJC_ARC = YES;
				CLANG_ENABLE_OBJC_WEAK = YES;
				CLANG_WARN_BLOCK_CAPTURE_AUTORELEASING = YES;
				CLANG_WARN_BOOL_CONVERSION = YES;
				CLANG_WARN_COMMA = YES;
				CLANG_WARN_CONSTANT_CONVERSION = YES;
				CLANG_WARN_DEPRECATED_OBJC_IMPLEMENTATIONS = YES;
				CLANG_WARN_DIRECT_OBJC_ISA_USAGE = YES_ERROR;
				CLANG_WARN_DOCUMENTATION_COMMENTS = YES;
				CLANG_WARN_EMPTY_BODY = YES;
				CLANG_WARN_ENUM_CONVERSION = YES;
				CLANG_WARN_INFINITE_RECURSION = YES;
				CLANG_WARN_INT_CONVERSION = YES;
				CLANG_WARN_NON_LITERAL_NULL_CONVERSION = YES;
				CLANG_WARN_OBJC_IMPLICIT_RETAIN_SELF = YES;
				CLANG_WARN_OBJC_LITERAL_CONVERSION = YES;
				CLANG_WARN_OBJC_ROOT_CLASS = YES_ERROR;
				CLANG_WARN_QUOTED_INCLUDE_IN_FRAMEWORK_HEADER = YES;
				CLANG_WARN_RANGE_LOOP_ANALYSIS = YES;
				CLANG_WARN_STRICT_PROTOTYPES = YES;
				CLANG_WARN_SUSPICIOUS_MOVE = YES;
				CLANG_WARN_UNGUARDED_AVAILABILITY = YES_AGGRESSIVE;
				CLANG_WARN_UNREACHABLE_CODE = YES;
				CLANG_WARN__DUPLICATE_METHOD_MATCH = YES;
				COPY_PHASE_STRIP = NO;
				DEBUG_INFORMATION_FORMAT = dwarf;
				ENABLE_STRICT_OBJC_MSGSEND = YES;
				ENABLE_TESTABILITY = YES;
				GCC_C_LANGUAGE_STANDARD = gnu11;
				GCC_DYNAMIC_NO_PIC = NO;
				GCC_NO_COMMON_BLOCKS = YES;
				GCC_OPTIMIZATION_LEVEL = 0;
				GCC_PREPROCESSOR_DEFINITIONS = (
					"DEBUG=1",
					"$(inherited)",
				);
				GCC_WARN_64_TO_32_BIT_CONVERSION = YES;
				GCC_WARN_ABOUT_RETURN_TYPE = YES_ERROR;
				GCC_WARN_UNDECLARED_SELECTOR = YES;
				GCC_WARN_UNINITIALIZED_AUTOS = YES_AGGRESSIVE;
				GCC_WARN_UNUSED_FUNCTION = YES;
				GCC_WARN_UNUSED_VARIABLE = YES;
				IPHONEOS_DEPLOYMENT_TARGET = 15.2;
				MTL_ENABLE_DEBUG_INFO = INCLUDE_SOURCE;
				MTL_FAST_MATH = YES;
				ONLY_ACTIVE_ARCH = YES;
				SDKROOT = iphoneos;
				SWIFT_ACTIVE_COMPILATION_CONDITIONS = DEBUG;
				SWIFT_OPTIMIZATION_LEVEL = "-Onone";
			};
			name = Debug;
		};
		3A52152727EEC0910086F17A /* Release */ = {
			isa = XCBuildConfiguration;
			buildSettings = {
				ALWAYS_SEARCH_USER_PATHS = NO;
				CLANG_ANALYZER_NONNULL = YES;
				CLANG_ANALYZER_NUMBER_OBJECT_CONVERSION = YES_AGGRESSIVE;
				CLANG_CXX_LANGUAGE_STANDARD = "gnu++17";
				CLANG_CXX_LIBRARY = "libc++";
				CLANG_ENABLE_MODULES = YES;
				CLANG_ENABLE_OBJC_ARC = YES;
				CLANG_ENABLE_OBJC_WEAK = YES;
				CLANG_WARN_BLOCK_CAPTURE_AUTORELEASING = YES;
				CLANG_WARN_BOOL_CONVERSION = YES;
				CLANG_WARN_COMMA = YES;
				CLANG_WARN_CONSTANT_CONVERSION = YES;
				CLANG_WARN_DEPRECATED_OBJC_IMPLEMENTATIONS = YES;
				CLANG_WARN_DIRECT_OBJC_ISA_USAGE = YES_ERROR;
				CLANG_WARN_DOCUMENTATION_COMMENTS = YES;
				CLANG_WARN_EMPTY_BODY = YES;
				CLANG_WARN_ENUM_CONVERSION = YES;
				CLANG_WARN_INFINITE_RECURSION = YES;
				CLANG_WARN_INT_CONVERSION = YES;
				CLANG_WARN_NON_LITERAL_NULL_CONVERSION = YES;
				CLANG_WARN_OBJC_IMPLICIT_RETAIN_SELF = YES;
				CLANG_WARN_OBJC_LITERAL_CONVERSION = YES;
				CLANG_WARN_OBJC_ROOT_CLASS = YES_ERROR;
				CLANG_WARN_QUOTED_INCLUDE_IN_FRAMEWORK_HEADER = YES;
				CLANG_WARN_RANGE_LOOP_ANALYSIS = YES;
				CLANG_WARN_STRICT_PROTOTYPES = YES;
				CLANG_WARN_SUSPICIOUS_MOVE = YES;
				CLANG_WARN_UNGUARDED_AVAILABILITY = YES_AGGRESSIVE;
				CLANG_WARN_UNREACHABLE_CODE = YES;
				CLANG_WARN__DUPLICATE_METHOD_MATCH = YES;
				COPY_PHASE_STRIP = NO;
				DEBUG_INFORMATION_FORMAT = "dwarf-with-dsym";
				ENABLE_NS_ASSERTIONS = NO;
				ENABLE_STRICT_OBJC_MSGSEND = YES;
				GCC_C_LANGUAGE_STANDARD = gnu11;
				GCC_NO_COMMON_BLOCKS = YES;
				GCC_WARN_64_TO_32_BIT_CONVERSION = YES;
				GCC_WARN_ABOUT_RETURN_TYPE = YES_ERROR;
				GCC_WARN_UNDECLARED_SELECTOR = YES;
				GCC_WARN_UNINITIALIZED_AUTOS = YES_AGGRESSIVE;
				GCC_WARN_UNUSED_FUNCTION = YES;
				GCC_WARN_UNUSED_VARIABLE = YES;
				IPHONEOS_DEPLOYMENT_TARGET = 15.2;
				MTL_ENABLE_DEBUG_INFO = NO;
				MTL_FAST_MATH = YES;
				SDKROOT = iphoneos;
				SWIFT_COMPILATION_MODE = wholemodule;
				SWIFT_OPTIMIZATION_LEVEL = "-O";
				VALIDATE_PRODUCT = YES;
			};
			name = Release;
		};
		3A52152927EEC0910086F17A /* Debug */ = {
			isa = XCBuildConfiguration;
			baseConfigurationReference = 9174E6E35286B773A4D79842 /* Pods-Parstagram.debug.xcconfig */;
			buildSettings = {
				ASSETCATALOG_COMPILER_APPICON_NAME = AppIcon;
				ASSETCATALOG_COMPILER_GLOBAL_ACCENT_COLOR_NAME = AccentColor;
				CODE_SIGN_STYLE = Automatic;
				CURRENT_PROJECT_VERSION = 1;
				DEVELOPMENT_TEAM = R5TFSG67Q3;
				GENERATE_INFOPLIST_FILE = YES;
				INFOPLIST_FILE = Parstagram/Info.plist;
				INFOPLIST_KEY_UIApplicationSupportsIndirectInputEvents = YES;
				INFOPLIST_KEY_UILaunchStoryboardName = LaunchScreen;
				INFOPLIST_KEY_UIMainStoryboardFile = Main;
				INFOPLIST_KEY_UISupportedInterfaceOrientations_iPad = "UIInterfaceOrientationPortrait UIInterfaceOrientationPortraitUpsideDown UIInterfaceOrientationLandscapeLeft UIInterfaceOrientationLandscapeRight";
				INFOPLIST_KEY_UISupportedInterfaceOrientations_iPhone = "UIInterfaceOrientationPortrait UIInterfaceOrientationLandscapeLeft UIInterfaceOrientationLandscapeRight";
				LD_RUNPATH_SEARCH_PATHS = (
					"$(inherited)",
					"@executable_path/Frameworks",
				);
				MARKETING_VERSION = 1.0;
				PRODUCT_BUNDLE_IDENTIFIER = com.Programs.Parstagram;
				PRODUCT_NAME = "$(TARGET_NAME)";
				SWIFT_EMIT_LOC_STRINGS = YES;
				SWIFT_VERSION = 5.0;
				TARGETED_DEVICE_FAMILY = "1,2";
			};
			name = Debug;
		};
		3A52152A27EEC0910086F17A /* Release */ = {
			isa = XCBuildConfiguration;
			baseConfigurationReference = C9B03FEFDD29EDBACB0BCB8B /* Pods-Parstagram.release.xcconfig */;
			buildSettings = {
				ASSETCATALOG_COMPILER_APPICON_NAME = AppIcon;
				ASSETCATALOG_COMPILER_GLOBAL_ACCENT_COLOR_NAME = AccentColor;
				CODE_SIGN_STYLE = Automatic;
				CURRENT_PROJECT_VERSION = 1;
				DEVELOPMENT_TEAM = R5TFSG67Q3;
				GENERATE_INFOPLIST_FILE = YES;
				INFOPLIST_FILE = Parstagram/Info.plist;
				INFOPLIST_KEY_UIApplicationSupportsIndirectInputEvents = YES;
				INFOPLIST_KEY_UILaunchStoryboardName = LaunchScreen;
				INFOPLIST_KEY_UIMainStoryboardFile = Main;
				INFOPLIST_KEY_UISupportedInterfaceOrientations_iPad = "UIInterfaceOrientationPortrait UIInterfaceOrientationPortraitUpsideDown UIInterfaceOrientationLandscapeLeft UIInterfaceOrientationLandscapeRight";
				INFOPLIST_KEY_UISupportedInterfaceOrientations_iPhone = "UIInterfaceOrientationPortrait UIInterfaceOrientationLandscapeLeft UIInterfaceOrientationLandscapeRight";
				LD_RUNPATH_SEARCH_PATHS = (
					"$(inherited)",
					"@executable_path/Frameworks",
				);
				MARKETING_VERSION = 1.0;
				PRODUCT_BUNDLE_IDENTIFIER = com.Programs.Parstagram;
				PRODUCT_NAME = "$(TARGET_NAME)";
				SWIFT_EMIT_LOC_STRINGS = YES;
				SWIFT_VERSION = 5.0;
				TARGETED_DEVICE_FAMILY = "1,2";
			};
			name = Release;
		};
		3A52152C27EEC0910086F17A /* Debug */ = {
			isa = XCBuildConfiguration;
			baseConfigurationReference = 4A1A18A618EAD86B76DED466 /* Pods-ParstagramTests.debug.xcconfig */;
			buildSettings = {
				ALWAYS_EMBED_SWIFT_STANDARD_LIBRARIES = YES;
				BUNDLE_LOADER = "$(TEST_HOST)";
				CODE_SIGN_STYLE = Automatic;
				CURRENT_PROJECT_VERSION = 1;
				DEVELOPMENT_TEAM = R5TFSG67Q3;
				GENERATE_INFOPLIST_FILE = YES;
				IPHONEOS_DEPLOYMENT_TARGET = 15.2;
				MARKETING_VERSION = 1.0;
				PRODUCT_BUNDLE_IDENTIFIER = com.Programs.ParstagramTests;
				PRODUCT_NAME = "$(TARGET_NAME)";
				SWIFT_EMIT_LOC_STRINGS = NO;
				SWIFT_VERSION = 5.0;
				TARGETED_DEVICE_FAMILY = "1,2";
				TEST_HOST = "$(BUILT_PRODUCTS_DIR)/Parstagram.app/Parstagram";
			};
			name = Debug;
		};
		3A52152D27EEC0910086F17A /* Release */ = {
			isa = XCBuildConfiguration;
			baseConfigurationReference = 8164BEB5D0387389A326A6FD /* Pods-ParstagramTests.release.xcconfig */;
			buildSettings = {
				ALWAYS_EMBED_SWIFT_STANDARD_LIBRARIES = YES;
				BUNDLE_LOADER = "$(TEST_HOST)";
				CODE_SIGN_STYLE = Automatic;
				CURRENT_PROJECT_VERSION = 1;
				DEVELOPMENT_TEAM = R5TFSG67Q3;
				GENERATE_INFOPLIST_FILE = YES;
				IPHONEOS_DEPLOYMENT_TARGET = 15.2;
				MARKETING_VERSION = 1.0;
				PRODUCT_BUNDLE_IDENTIFIER = com.Programs.ParstagramTests;
				PRODUCT_NAME = "$(TARGET_NAME)";
				SWIFT_EMIT_LOC_STRINGS = NO;
				SWIFT_VERSION = 5.0;
				TARGETED_DEVICE_FAMILY = "1,2";
				TEST_HOST = "$(BUILT_PRODUCTS_DIR)/Parstagram.app/Parstagram";
			};
			name = Release;
		};
		3A52152F27EEC0910086F17A /* Debug */ = {
			isa = XCBuildConfiguration;
			baseConfigurationReference = F934F5870812F203D46A7744 /* Pods-ParstagramUITests.debug.xcconfig */;
			buildSettings = {
				ALWAYS_EMBED_SWIFT_STANDARD_LIBRARIES = YES;
				CODE_SIGN_STYLE = Automatic;
				CURRENT_PROJECT_VERSION = 1;
				DEVELOPMENT_TEAM = R5TFSG67Q3;
				GENERATE_INFOPLIST_FILE = YES;
				MARKETING_VERSION = 1.0;
				PRODUCT_BUNDLE_IDENTIFIER = com.Programs.ParstagramUITests;
				PRODUCT_NAME = "$(TARGET_NAME)";
				SWIFT_EMIT_LOC_STRINGS = NO;
				SWIFT_VERSION = 5.0;
				TARGETED_DEVICE_FAMILY = "1,2";
				TEST_TARGET_NAME = Parstagram;
			};
			name = Debug;
		};
		3A52153027EEC0910086F17A /* Release */ = {
			isa = XCBuildConfiguration;
			baseConfigurationReference = 3CB331965355D706982A1F60 /* Pods-ParstagramUITests.release.xcconfig */;
			buildSettings = {
				ALWAYS_EMBED_SWIFT_STANDARD_LIBRARIES = YES;
				CODE_SIGN_STYLE = Automatic;
				CURRENT_PROJECT_VERSION = 1;
				DEVELOPMENT_TEAM = R5TFSG67Q3;
				GENERATE_INFOPLIST_FILE = YES;
				MARKETING_VERSION = 1.0;
				PRODUCT_BUNDLE_IDENTIFIER = com.Programs.ParstagramUITests;
				PRODUCT_NAME = "$(TARGET_NAME)";
				SWIFT_EMIT_LOC_STRINGS = NO;
				SWIFT_VERSION = 5.0;
				TARGETED_DEVICE_FAMILY = "1,2";
				TEST_TARGET_NAME = Parstagram;
			};
			name = Release;
		};
/* End XCBuildConfiguration section */

/* Begin XCConfigurationList section */
		3A5214F927EEC08E0086F17A /* Build configuration list for PBXProject "Parstagram" */ = {
			isa = XCConfigurationList;
			buildConfigurations = (
				3A52152627EEC0910086F17A /* Debug */,
				3A52152727EEC0910086F17A /* Release */,
			);
			defaultConfigurationIsVisible = 0;
			defaultConfigurationName = Release;
		};
		3A52152827EEC0910086F17A /* Build configuration list for PBXNativeTarget "Parstagram" */ = {
			isa = XCConfigurationList;
			buildConfigurations = (
				3A52152927EEC0910086F17A /* Debug */,
				3A52152A27EEC0910086F17A /* Release */,
			);
			defaultConfigurationIsVisible = 0;
			defaultConfigurationName = Release;
		};
		3A52152B27EEC0910086F17A /* Build configuration list for PBXNativeTarget "ParstagramTests" */ = {
			isa = XCConfigurationList;
			buildConfigurations = (
				3A52152C27EEC0910086F17A /* Debug */,
				3A52152D27EEC0910086F17A /* Release */,
			);
			defaultConfigurationIsVisible = 0;
			defaultConfigurationName = Release;
		};
		3A52152E27EEC0910086F17A /* Build configuration list for PBXNativeTarget "ParstagramUITests" */ = {
			isa = XCConfigurationList;
			buildConfigurations = (
				3A52152F27EEC0910086F17A /* Debug */,
				3A52153027EEC0910086F17A /* Release */,
			);
			defaultConfigurationIsVisible = 0;
			defaultConfigurationName = Release;
		};
/* End XCConfigurationList section */
	};
	rootObject = 3A5214F627EEC08E0086F17A /* Project object */;
}
